
Microsoft Visual Studio Solution File, Format Version 12.00
# Visual Studio 15
VisualStudioVersion = 15.0.27703.2047
MinimumVisualStudioVersion = 10.0.40219.1
Project("{FAE04EC0-301F-11D3-BF4B-00C04F79EFBC}") = "ImpactaAspNet.capitulo01.Variaveis", "ImpactaAspNet.capitulo01.Variaveis\ImpactaAspNet.capitulo01.Variaveis.csproj", "{6A193663-5D78-4784-A20A-FEB1BC52DA2B}"
EndProject
Project("{FAE04EC0-301F-11D3-BF4B-00C04F79EFBC}") = "ImpactaAspNetVS2017.Troco", "ImpactaAspNetVS2017.Troco\ImpactaAspNetVS2017.Troco.csproj", "{A4A55EF0-DE33-4F33-83D5-708F8EE5DB42}"
EndProject
Project("{FAE04EC0-301F-11D3-BF4B-00C04F79EFBC}") = "ImpactaAspNetNet.Frete", "ImpactaAspNetNet.Frete\ImpactaAspNetNet.Frete.csproj", "{E75B5D3A-3322-4772-9F52-A6E99D3349A7}"
EndProject
Project("{FAE04EC0-301F-11D3-BF4B-00C04F79EFBC}") = "RepeticaoTeste", "RepeticaoTeste\RepeticaoTeste.csproj", "{90FEC26E-5D28-4D2E-8D02-29DDFE70BC1D}"
EndProject
Project("{FAE04EC0-301F-11D3-BF4B-00C04F79EFBC}") = "AspNet.capitulo01VetoresColecoes.Testes", "AspNet.capitulo01VetoresColecoes.Testes\AspNet.capitulo01VetoresColecoes.Testes.csproj", "{1289013D-436A-4F34-B4ED-74ECEEDB4978}"
EndProject
Project("{FAE04EC0-301F-11D3-BF4B-00C04F79EFBC}") = "Oficina.Dominios", "Oficina.Dominios\Oficina.Dominios.csproj", "{495A8C1A-EA8D-4287-A598-BEC2E3F8C6A3}"
EndProject
Project("{2150E333-8FDC-42A3-9474-1A3956D46DE8}") = "Oficina", "Oficina", "{E8F17526-83B2-4776-9C2E-20B97A07FCE4}"
EndProject
Project("{FAE04EC0-301F-11D3-BF4B-00C04F79EFBC}") = "Oficina.Repositorios.SistemaArquivos", "Oficina.Repositorios.SistemaArquivos\Oficina.Repositorios.SistemaArquivos.csproj", "{9F6F1221-137A-4815-A60E-13D76A10EBF6}"
EndProject
Project("{FAE04EC0-301F-11D3-BF4B-00C04F79EFBC}") = "Oficina.Repositorios.SistemaArquivosTests", "Oficina.Repositorios.SistemaArquivosTests\Oficina.Repositorios.SistemaArquivosTests.csproj", "{98AA9D04-8E20-4FAC-8081-9FE312210A83}"
EndProject
Project("{FAE04EC0-301F-11D3-BF4B-00C04F79EFBC}") = "Oficina.WebPages", "Oficina.WebPages\Oficina.WebPages.csproj", "{60490783-DA07-4B36-881B-11A056461A3C}"
EndProject
Project("{FAE04EC0-301F-11D3-BF4B-00C04F79EFBC}") = "Oficina.DominiosTests", "Oficina.DominiosTests\Oficina.DominiosTests.csproj", "{1D1E6DDB-40D2-4D44-ABC4-A67C734C8245}"
EndProject
Global
	GlobalSection(SolutionConfigurationPlatforms) = preSolution
		Debug|Any CPU = Debug|Any CPU
		Release|Any CPU = Release|Any CPU
	EndGlobalSection
	GlobalSection(ProjectConfigurationPlatforms) = postSolution
		{6A193663-5D78-4784-A20A-FEB1BC52DA2B}.Debug|Any CPU.ActiveCfg = Debug|Any CPU
		{6A193663-5D78-4784-A20A-FEB1BC52DA2B}.Debug|Any CPU.Build.0 = Debug|Any CPU
		{6A193663-5D78-4784-A20A-FEB1BC52DA2B}.Release|Any CPU.ActiveCfg = Release|Any CPU
		{6A193663-5D78-4784-A20A-FEB1BC52DA2B}.Release|Any CPU.Build.0 = Release|Any CPU
		{A4A55EF0-DE33-4F33-83D5-708F8EE5DB42}.Debug|Any CPU.ActiveCfg = Debug|Any CPU
		{A4A55EF0-DE33-4F33-83D5-708F8EE5DB42}.Debug|Any CPU.Build.0 = Debug|Any CPU
		{A4A55EF0-DE33-4F33-83D5-708F8EE5DB42}.Release|Any CPU.ActiveCfg = Release|Any CPU
		{A4A55EF0-DE33-4F33-83D5-708F8EE5DB42}.Release|Any CPU.Build.0 = Release|Any CPU
		{E75B5D3A-3322-4772-9F52-A6E99D3349A7}.Debug|Any CPU.ActiveCfg = Debug|Any CPU
		{E75B5D3A-3322-4772-9F52-A6E99D3349A7}.Debug|Any CPU.Build.0 = Debug|Any CPU
		{E75B5D3A-3322-4772-9F52-A6E99D3349A7}.Release|Any CPU.ActiveCfg = Release|Any CPU
		{E75B5D3A-3322-4772-9F52-A6E99D3349A7}.Release|Any CPU.Build.0 = Release|Any CPU
		{90FEC26E-5D28-4D2E-8D02-29DDFE70BC1D}.Debug|Any CPU.ActiveCfg = Debug|Any CPU
		{90FEC26E-5D28-4D2E-8D02-29DDFE70BC1D}.Debug|Any CPU.Build.0 = Debug|Any CPU
		{90FEC26E-5D28-4D2E-8D02-29DDFE70BC1D}.Release|Any CPU.ActiveCfg = Release|Any CPU
		{90FEC26E-5D28-4D2E-8D02-29DDFE70BC1D}.Release|Any CPU.Build.0 = Release|Any CPU
		{1289013D-436A-4F34-B4ED-74ECEEDB4978}.Debug|Any CPU.ActiveCfg = Debug|Any CPU
		{1289013D-436A-4F34-B4ED-74ECEEDB4978}.Debug|Any CPU.Build.0 = Debug|Any CPU
		{1289013D-436A-4F34-B4ED-74ECEEDB4978}.Release|Any CPU.ActiveCfg = Release|Any CPU
		{1289013D-436A-4F34-B4ED-74ECEEDB4978}.Release|Any CPU.Build.0 = Release|Any CPU
		{495A8C1A-EA8D-4287-A598-BEC2E3F8C6A3}.Debug|Any CPU.ActiveCfg = Debug|Any CPU
		{495A8C1A-EA8D-4287-A598-BEC2E3F8C6A3}.Debug|Any CPU.Build.0 = Debug|Any CPU
		{495A8C1A-EA8D-4287-A598-BEC2E3F8C6A3}.Release|Any CPU.ActiveCfg = Release|Any CPU
		{495A8C1A-EA8D-4287-A598-BEC2E3F8C6A3}.Release|Any CPU.Build.0 = Release|Any CPU
		{9F6F1221-137A-4815-A60E-13D76A10EBF6}.Debug|Any CPU.ActiveCfg = Debug|Any CPU
		{9F6F1221-137A-4815-A60E-13D76A10EBF6}.Debug|Any CPU.Build.0 = Debug|Any CPU
		{9F6F1221-137A-4815-A60E-13D76A10EBF6}.Release|Any CPU.ActiveCfg = Release|Any CPU
		{9F6F1221-137A-4815-A60E-13D76A10EBF6}.Release|Any CPU.Build.0 = Release|Any CPU
		{98AA9D04-8E20-4FAC-8081-9FE312210A83}.Debug|Any CPU.ActiveCfg = Debug|Any CPU
		{98AA9D04-8E20-4FAC-8081-9FE312210A83}.Debug|Any CPU.Build.0 = Debug|Any CPU
		{98AA9D04-8E20-4FAC-8081-9FE312210A83}.Release|Any CPU.ActiveCfg = Release|Any CPU
		{98AA9D04-8E20-4FAC-8081-9FE312210A83}.Release|Any CPU.Build.0 = Release|Any CPU
		{60490783-DA07-4B36-881B-11A056461A3C}.Debug|Any CPU.ActiveCfg = Debug|Any CPU
		{60490783-DA07-4B36-881B-11A056461A3C}.Debug|Any CPU.Build.0 = Debug|Any CPU
		{60490783-DA07-4B36-881B-11A056461A3C}.Release|Any CPU.ActiveCfg = Release|Any CPU
		{60490783-DA07-4B36-881B-11A056461A3C}.Release|Any CPU.Build.0 = Release|Any CPU
		{1D1E6DDB-40D2-4D44-ABC4-A67C734C8245}.Debug|Any CPU.ActiveCfg = Debug|Any CPU
		{1D1E6DDB-40D2-4D44-ABC4-A67C734C8245}.Debug|Any CPU.Build.0 = Debug|Any CPU
		{1D1E6DDB-40D2-4D44-ABC4-A67C734C8245}.Release|Any CPU.ActiveCfg = Release|Any CPU
		{1D1E6DDB-40D2-4D44-ABC4-A67C734C8245}.Release|Any CPU.Build.0 = Release|Any CPU
	EndGlobalSection
	GlobalSection(SolutionProperties) = preSolution
		HideSolutionNode = FALSE
	EndGlobalSection
	GlobalSection(NestedProjects) = preSolution
		{495A8C1A-EA8D-4287-A598-BEC2E3F8C6A3} = {E8F17526-83B2-4776-9C2E-20B97A07FCE4}
		{9F6F1221-137A-4815-A60E-13D76A10EBF6} = {E8F17526-83B2-4776-9C2E-20B97A07FCE4}
		{98AA9D04-8E20-4FAC-8081-9FE312210A83} = {E8F17526-83B2-4776-9C2E-20B97A07FCE4}
		{60490783-DA07-4B36-881B-11A056461A3C} = {E8F17526-83B2-4776-9C2E-20B97A07FCE4}
	EndGlobalSection
	GlobalSection(ExtensibilityGlobals) = postSolution
		SolutionGuid = {4D9BC19C-DF8C-4559-930F-E50D913566DD}
	EndGlobalSection
EndGlobal
